// !$*UTF8*$!
{
	archiveVersion = 1;
	classes = {
	};
	objectVersion = 55;
	objects = {

/* Begin PBXBuildFile section */
		05F24CDC28C9FC33004ADF1D /* ScrumdingerApp.swift in Sources */ = {isa = PBXBuildFile; fileRef = 05F24CDB28C9FC33004ADF1D /* ScrumdingerApp.swift */; };
		05F24CDE28C9FC33004ADF1D /* MeetingView.swift in Sources */ = {isa = PBXBuildFile; fileRef = 05F24CDD28C9FC33004ADF1D /* MeetingView.swift */; };
		05F24CE028C9FC36004ADF1D /* Assets.xcassets in Resources */ = {isa = PBXBuildFile; fileRef = 05F24CDF28C9FC36004ADF1D /* Assets.xcassets */; };
		05F24CE328C9FC36004ADF1D /* Preview Assets.xcassets in Resources */ = {isa = PBXBuildFile; fileRef = 05F24CE228C9FC36004ADF1D /* Preview Assets.xcassets */; };
		05F24CED28C9FC36004ADF1D /* ScrumdingerTests.swift in Sources */ = {isa = PBXBuildFile; fileRef = 05F24CEC28C9FC36004ADF1D /* ScrumdingerTests.swift */; };
		05F24CF728C9FC36004ADF1D /* ScrumdingerUITests.swift in Sources */ = {isa = PBXBuildFile; fileRef = 05F24CF628C9FC36004ADF1D /* ScrumdingerUITests.swift */; };
		05F24CF928C9FC36004ADF1D /* ScrumdingerUITestsLaunchTests.swift in Sources */ = {isa = PBXBuildFile; fileRef = 05F24CF828C9FC36004ADF1D /* ScrumdingerUITestsLaunchTests.swift */; };
		05F24D0728CA5A6F004ADF1D /* Theme.swift in Sources */ = {isa = PBXBuildFile; fileRef = 05F24D0628CA5A6F004ADF1D /* Theme.swift */; };
		05F24D0928CA5EB3004ADF1D /* DailyScrum.swift in Sources */ = {isa = PBXBuildFile; fileRef = 05F24D0828CA5EB3004ADF1D /* DailyScrum.swift */; };
		05F24D0B28CA6241004ADF1D /* CardView.swift in Sources */ = {isa = PBXBuildFile; fileRef = 05F24D0A28CA6241004ADF1D /* CardView.swift */; };
		05F24D0D28CB05FC004ADF1D /* TrailingIconLabelStyle.swift in Sources */ = {isa = PBXBuildFile; fileRef = 05F24D0C28CB05FC004ADF1D /* TrailingIconLabelStyle.swift */; };
		05F24D0F28CC82CC004ADF1D /* ScrumsView.swift in Sources */ = {isa = PBXBuildFile; fileRef = 05F24D0E28CC82CC004ADF1D /* ScrumsView.swift */; };
/* End PBXBuildFile section */

/* Begin PBXContainerItemProxy section */
		05F24CE928C9FC36004ADF1D /* PBXContainerItemProxy */ = {
			isa = PBXContainerItemProxy;
			containerPortal = 05F24CD028C9FC32004ADF1D /* Project object */;
			proxyType = 1;
			remoteGlobalIDString = 05F24CD728C9FC32004ADF1D;
			remoteInfo = Scrumdinger;
		};
		05F24CF328C9FC36004ADF1D /* PBXContainerItemProxy */ = {
			isa = PBXContainerItemProxy;
			containerPortal = 05F24CD028C9FC32004ADF1D /* Project object */;
			proxyType = 1;
			remoteGlobalIDString = 05F24CD728C9FC32004ADF1D;
			remoteInfo = Scrumdinger;
		};
/* End PBXContainerItemProxy section */

/* Begin PBXFileReference section */
		05F24CD828C9FC33004ADF1D /* Scrumdinger.app */ = {isa = PBXFileReference; explicitFileType = wrapper.application; includeInIndex = 0; path = Scrumdinger.app; sourceTree = BUILT_PRODUCTS_DIR; };
		05F24CDB28C9FC33004ADF1D /* ScrumdingerApp.swift */ = {isa = PBXFileReference; lastKnownFileType = sourcecode.swift; path = ScrumdingerApp.swift; sourceTree = "<group>"; };
		05F24CDD28C9FC33004ADF1D /* MeetingView.swift */ = {isa = PBXFileReference; lastKnownFileType = sourcecode.swift; path = MeetingView.swift; sourceTree = "<group>"; };
		05F24CDF28C9FC36004ADF1D /* Assets.xcassets */ = {isa = PBXFileReference; lastKnownFileType = folder.assetcatalog; path = Assets.xcassets; sourceTree = "<group>"; };
		05F24CE228C9FC36004ADF1D /* Preview Assets.xcassets */ = {isa = PBXFileReference; lastKnownFileType = folder.assetcatalog; path = "Preview Assets.xcassets"; sourceTree = "<group>"; };
		05F24CE828C9FC36004ADF1D /* ScrumdingerTests.xctest */ = {isa = PBXFileReference; explicitFileType = wrapper.cfbundle; includeInIndex = 0; path = ScrumdingerTests.xctest; sourceTree = BUILT_PRODUCTS_DIR; };
		05F24CEC28C9FC36004ADF1D /* ScrumdingerTests.swift */ = {isa = PBXFileReference; lastKnownFileType = sourcecode.swift; path = ScrumdingerTests.swift; sourceTree = "<group>"; };
		05F24CF228C9FC36004ADF1D /* ScrumdingerUITests.xctest */ = {isa = PBXFileReference; explicitFileType = wrapper.cfbundle; includeInIndex = 0; path = ScrumdingerUITests.xctest; sourceTree = BUILT_PRODUCTS_DIR; };
		05F24CF628C9FC36004ADF1D /* ScrumdingerUITests.swift */ = {isa = PBXFileReference; lastKnownFileType = sourcecode.swift; path = ScrumdingerUITests.swift; sourceTree = "<group>"; };
		05F24CF828C9FC36004ADF1D /* ScrumdingerUITestsLaunchTests.swift */ = {isa = PBXFileReference; lastKnownFileType = sourcecode.swift; path = ScrumdingerUITestsLaunchTests.swift; sourceTree = "<group>"; };
		05F24D0628CA5A6F004ADF1D /* Theme.swift */ = {isa = PBXFileReference; lastKnownFileType = sourcecode.swift; path = Theme.swift; sourceTree = "<group>"; };
		05F24D0828CA5EB3004ADF1D /* DailyScrum.swift */ = {isa = PBXFileReference; lastKnownFileType = sourcecode.swift; path = DailyScrum.swift; sourceTree = "<group>"; };
		05F24D0A28CA6241004ADF1D /* CardView.swift */ = {isa = PBXFileReference; lastKnownFileType = sourcecode.swift; path = CardView.swift; sourceTree = "<group>"; };
		05F24D0C28CB05FC004ADF1D /* TrailingIconLabelStyle.swift */ = {isa = PBXFileReference; lastKnownFileType = sourcecode.swift; path = TrailingIconLabelStyle.swift; sourceTree = "<group>"; };
		05F24D0E28CC82CC004ADF1D /* ScrumsView.swift */ = {isa = PBXFileReference; lastKnownFileType = sourcecode.swift; path = ScrumsView.swift; sourceTree = "<group>"; };
/* End PBXFileReference section */

/* Begin PBXFrameworksBuildPhase section */
		05F24CD528C9FC32004ADF1D /* Frameworks */ = {
			isa = PBXFrameworksBuildPhase;
			buildActionMask = 2147483647;
			files = (
			);
			runOnlyForDeploymentPostprocessing = 0;
		};
		05F24CE528C9FC36004ADF1D /* Frameworks */ = {
			isa = PBXFrameworksBuildPhase;
			buildActionMask = 2147483647;
			files = (
			);
			runOnlyForDeploymentPostprocessing = 0;
		};
		05F24CEF28C9FC36004ADF1D /* Frameworks */ = {
			isa = PBXFrameworksBuildPhase;
			buildActionMask = 2147483647;
			files = (
			);
			runOnlyForDeploymentPostprocessing = 0;
		};
/* End PBXFrameworksBuildPhase section */

/* Begin PBXGroup section */
		05F24CCF28C9FC32004ADF1D = {
			isa = PBXGroup;
			children = (
				05F24CDA28C9FC33004ADF1D /* Scrumdinger */,
				05F24CEB28C9FC36004ADF1D /* ScrumdingerTests */,
				05F24CF528C9FC36004ADF1D /* ScrumdingerUITests */,
				05F24CD928C9FC33004ADF1D /* Products */,
			);
			sourceTree = "<group>";
		};
		05F24CD928C9FC33004ADF1D /* Products */ = {
			isa = PBXGroup;
			children = (
				05F24CD828C9FC33004ADF1D /* Scrumdinger.app */,
				05F24CE828C9FC36004ADF1D /* ScrumdingerTests.xctest */,
				05F24CF228C9FC36004ADF1D /* ScrumdingerUITests.xctest */,
			);
			name = Products;
			sourceTree = "<group>";
		};
		05F24CDA28C9FC33004ADF1D /* Scrumdinger */ = {
			isa = PBXGroup;
			children = (
				05F24D0528CA5A39004ADF1D /* Models */,
				05F24CDB28C9FC33004ADF1D /* ScrumdingerApp.swift */,
				05F24CDD28C9FC33004ADF1D /* MeetingView.swift */,
				05F24D0A28CA6241004ADF1D /* CardView.swift */,
				05F24D0C28CB05FC004ADF1D /* TrailingIconLabelStyle.swift */,
				05F24CDF28C9FC36004ADF1D /* Assets.xcassets */,
				05F24CE128C9FC36004ADF1D /* Preview Content */,
				05F24D0E28CC82CC004ADF1D /* ScrumsView.swift */,
			);
			path = Scrumdinger;
			sourceTree = "<group>";
		};
		05F24CE128C9FC36004ADF1D /* Preview Content */ = {
			isa = PBXGroup;
			children = (
				05F24CE228C9FC36004ADF1D /* Preview Assets.xcassets */,
			);
			path = "Preview Content";
			sourceTree = "<group>";
		};
		05F24CEB28C9FC36004ADF1D /* ScrumdingerTests */ = {
			isa = PBXGroup;
			children = (
				05F24CEC28C9FC36004ADF1D /* ScrumdingerTests.swift */,
			);
			path = ScrumdingerTests;
			sourceTree = "<group>";
		};
		05F24CF528C9FC36004ADF1D /* ScrumdingerUITests */ = {
			isa = PBXGroup;
			children = (
				05F24CF628C9FC36004ADF1D /* ScrumdingerUITests.swift */,
				05F24CF828C9FC36004ADF1D /* ScrumdingerUITestsLaunchTests.swift */,
			);
			path = ScrumdingerUITests;
			sourceTree = "<group>";
		};
		05F24D0528CA5A39004ADF1D /* Models */ = {
			isa = PBXGroup;
			children = (
				05F24D0628CA5A6F004ADF1D /* Theme.swift */,
				05F24D0828CA5EB3004ADF1D /* DailyScrum.swift */,
			);
			path = Models;
			sourceTree = "<group>";
		};
/* End PBXGroup section */

/* Begin PBXNativeTarget section */
		05F24CD728C9FC32004ADF1D /* Scrumdinger */ = {
			isa = PBXNativeTarget;
			buildConfigurationList = 05F24CFC28C9FC36004ADF1D /* Build configuration list for PBXNativeTarget "Scrumdinger" */;
			buildPhases = (
				05F24CD428C9FC32004ADF1D /* Sources */,
				05F24CD528C9FC32004ADF1D /* Frameworks */,
				05F24CD628C9FC32004ADF1D /* Resources */,
			);
			buildRules = (
			);
			dependencies = (
			);
			name = Scrumdinger;
			productName = Scrumdinger;
			productReference = 05F24CD828C9FC33004ADF1D /* Scrumdinger.app */;
			productType = "com.apple.product-type.application";
		};
		05F24CE728C9FC36004ADF1D /* ScrumdingerTests */ = {
			isa = PBXNativeTarget;
			buildConfigurationList = 05F24CFF28C9FC36004ADF1D /* Build configuration list for PBXNativeTarget "ScrumdingerTests" */;
			buildPhases = (
				05F24CE428C9FC36004ADF1D /* Sources */,
				05F24CE528C9FC36004ADF1D /* Frameworks */,
				05F24CE628C9FC36004ADF1D /* Resources */,
			);
			buildRules = (
			);
			dependencies = (
				05F24CEA28C9FC36004ADF1D /* PBXTargetDependency */,
			);
			name = ScrumdingerTests;
			productName = ScrumdingerTests;
			productReference = 05F24CE828C9FC36004ADF1D /* ScrumdingerTests.xctest */;
			productType = "com.apple.product-type.bundle.unit-test";
		};
		05F24CF128C9FC36004ADF1D /* ScrumdingerUITests */ = {
			isa = PBXNativeTarget;
			buildConfigurationList = 05F24D0228C9FC36004ADF1D /* Build configuration list for PBXNativeTarget "ScrumdingerUITests" */;
			buildPhases = (
				05F24CEE28C9FC36004ADF1D /* Sources */,
				05F24CEF28C9FC36004ADF1D /* Frameworks */,
				05F24CF028C9FC36004ADF1D /* Resources */,
			);
			buildRules = (
			);
			dependencies = (
				05F24CF428C9FC36004ADF1D /* PBXTargetDependency */,
			);
			name = ScrumdingerUITests;
			productName = ScrumdingerUITests;
			productReference = 05F24CF228C9FC36004ADF1D /* ScrumdingerUITests.xctest */;
			productType = "com.apple.product-type.bundle.ui-testing";
		};
/* End PBXNativeTarget section */

/* Begin PBXProject section */
		05F24CD028C9FC32004ADF1D /* Project object */ = {
			isa = PBXProject;
			attributes = {
				BuildIndependentTargetsInParallel = 1;
				LastSwiftUpdateCheck = 1340;
				LastUpgradeCheck = 1340;
				TargetAttributes = {
					05F24CD728C9FC32004ADF1D = {
						CreatedOnToolsVersion = 13.4.1;
					};
					05F24CE728C9FC36004ADF1D = {
						CreatedOnToolsVersion = 13.4.1;
						TestTargetID = 05F24CD728C9FC32004ADF1D;
					};
					05F24CF128C9FC36004ADF1D = {
						CreatedOnToolsVersion = 13.4.1;
						TestTargetID = 05F24CD728C9FC32004ADF1D;
					};
				};
			};
			buildConfigurationList = 05F24CD328C9FC32004ADF1D /* Build configuration list for PBXProject "Scrumdinger" */;
			compatibilityVersion = "Xcode 13.0";
			developmentRegion = en;
			hasScannedForEncodings = 0;
			knownRegions = (
				en,
				Base,
			);
			mainGroup = 05F24CCF28C9FC32004ADF1D;
			productRefGroup = 05F24CD928C9FC33004ADF1D /* Products */;
			projectDirPath = "";
			projectRoot = "";
			targets = (
				05F24CD728C9FC32004ADF1D /* Scrumdinger */,
				05F24CE728C9FC36004ADF1D /* ScrumdingerTests */,
				05F24CF128C9FC36004ADF1D /* ScrumdingerUITests */,
			);
		};
/* End PBXProject section */

/* Begin PBXResourcesBuildPhase section */
		05F24CD628C9FC32004ADF1D /* Resources */ = {
			isa = PBXResourcesBuildPhase;
			buildActionMask = 2147483647;
			files = (
				05F24CE328C9FC36004ADF1D /* Preview Assets.xcassets in Resources */,
				05F24CE028C9FC36004ADF1D /* Assets.xcassets in Resources */,
			);
			runOnlyForDeploymentPostprocessing = 0;
		};
		05F24CE628C9FC36004ADF1D /* Resources */ = {
			isa = PBXResourcesBuildPhase;
			buildActionMask = 2147483647;
			files = (
			);
			runOnlyForDeploymentPostprocessing = 0;
		};
		05F24CF028C9FC36004ADF1D /* Resources */ = {
			isa = PBXResourcesBuildPhase;
			buildActionMask = 2147483647;
			files = (
			);
			runOnlyForDeploymentPostprocessing = 0;
		};
/* End PBXResourcesBuildPhase section */

/* Begin PBXSourcesBuildPhase section */
		05F24CD428C9FC32004ADF1D /* Sources */ = {
			isa = PBXSourcesBuildPhase;
			buildActionMask = 2147483647;
			files = (
				05F24D0928CA5EB3004ADF1D /* DailyScrum.swift in Sources */,
				05F24D0D28CB05FC004ADF1D /* TrailingIconLabelStyle.swift in Sources */,
				05F24D0728CA5A6F004ADF1D /* Theme.swift in Sources */,
				05F24D0F28CC82CC004ADF1D /* ScrumsView.swift in Sources */,
				05F24CDE28C9FC33004ADF1D /* MeetingView.swift in Sources */,
				05F24CDC28C9FC33004ADF1D /* ScrumdingerApp.swift in Sources */,
				05F24D0B28CA6241004ADF1D /* CardView.swift in Sources */,
			);
			runOnlyForDeploymentPostprocessing = 0;
		};
		05F24CE428C9FC36004ADF1D /* Sources */ = {
			isa = PBXSourcesBuildPhase;
			buildActionMask = 2147483647;
			files = (
				05F24CED28C9FC36004ADF1D /* ScrumdingerTests.swift in Sources */,
			);
			runOnlyForDeploymentPostprocessing = 0;
		};
		05F24CEE28C9FC36004ADF1D /* Sources */ = {
			isa = PBXSourcesBuildPhase;
			buildActionMask = 2147483647;
			files = (
				05F24CF928C9FC36004ADF1D /* ScrumdingerUITestsLaunchTests.swift in Sources */,
				05F24CF728C9FC36004ADF1D /* ScrumdingerUITests.swift in Sources */,
			);
			runOnlyForDeploymentPostprocessing = 0;
		};
/* End PBXSourcesBuildPhase section */

/* Begin PBXTargetDependency section */
		05F24CEA28C9FC36004ADF1D /* PBXTargetDependency */ = {
			isa = PBXTargetDependency;
			target = 05F24CD728C9FC32004ADF1D /* Scrumdinger */;
			targetProxy = 05F24CE928C9FC36004ADF1D /* PBXContainerItemProxy */;
		};
		05F24CF428C9FC36004ADF1D /* PBXTargetDependency */ = {
			isa = PBXTargetDependency;
			target = 05F24CD728C9FC32004ADF1D /* Scrumdinger */;
			targetProxy = 05F24CF328C9FC36004ADF1D /* PBXContainerItemProxy */;
		};
/* End PBXTargetDependency section */

/* Begin XCBuildConfiguration section */
		05F24CFA28C9FC36004ADF1D /* Debug */ = {
			isa = XCBuildConfiguration;
			buildSettings = {
				ALWAYS_SEARCH_USER_PATHS = NO;
				CLANG_ANALYZER_NONNULL = YES;
				CLANG_ANALYZER_NUMBER_OBJECT_CONVERSION = YES_AGGRESSIVE;
				CLANG_CXX_LANGUAGE_STANDARD = "gnu++17";
				CLANG_ENABLE_MODULES = YES;
				CLANG_ENABLE_OBJC_ARC = YES;
				CLANG_ENABLE_OBJC_WEAK = YES;
				CLANG_WARN_BLOCK_CAPTURE_AUTORELEASING = YES;
				CLANG_WARN_BOOL_CONVERSION = YES;
				CLANG_WARN_COMMA = YES;
				CLANG_WARN_CONSTANT_CONVERSION = YES;
				CLANG_WARN_DEPRECATED_OBJC_IMPLEMENTATIONS = YES;
				CLANG_WARN_DIRECT_OBJC_ISA_USAGE = YES_ERROR;
				CLANG_WARN_DOCUMENTATION_COMMENTS = YES;
				CLANG_WARN_EMPTY_BODY = YES;
				CLANG_WARN_ENUM_CONVERSION = YES;
				CLANG_WARN_INFINITE_RECURSION = YES;
				CLANG_WARN_INT_CONVERSION = YES;
				CLANG_WARN_NON_LITERAL_NULL_CONVERSION = YES;
				CLANG_WARN_OBJC_IMPLICIT_RETAIN_SELF = YES;
				CLANG_WARN_OBJC_LITERAL_CONVERSION = YES;
				CLANG_WARN_OBJC_ROOT_CLASS = YES_ERROR;
				CLANG_WARN_QUOTED_INCLUDE_IN_FRAMEWORK_HEADER = YES;
				CLANG_WARN_RANGE_LOOP_ANALYSIS = YES;
				CLANG_WARN_STRICT_PROTOTYPES = YES;
				CLANG_WARN_SUSPICIOUS_MOVE = YES;
				CLANG_WARN_UNGUARDED_AVAILABILITY = YES_AGGRESSIVE;
				CLANG_WARN_UNREACHABLE_CODE = YES;
				CLANG_WARN__DUPLICATE_METHOD_MATCH = YES;
				COPY_PHASE_STRIP = NO;
				DEBUG_INFORMATION_FORMAT = dwarf;
				ENABLE_STRICT_OBJC_MSGSEND = YES;
				ENABLE_TESTABILITY = YES;
				GCC_C_LANGUAGE_STANDARD = gnu11;
				GCC_DYNAMIC_NO_PIC = NO;
				GCC_NO_COMMON_BLOCKS = YES;
				GCC_OPTIMIZATION_LEVEL = 0;
				GCC_PREPROCESSOR_DEFINITIONS = (
					"DEBUG=1",
					"$(inherited)",
				);
				GCC_WARN_64_TO_32_BIT_CONVERSION = YES;
				GCC_WARN_ABOUT_RETURN_TYPE = YES_ERROR;
				GCC_WARN_UNDECLARED_SELECTOR = YES;
				GCC_WARN_UNINITIALIZED_AUTOS = YES_AGGRESSIVE;
				GCC_WARN_UNUSED_FUNCTION = YES;
				GCC_WARN_UNUSED_VARIABLE = YES;
				IPHONEOS_DEPLOYMENT_TARGET = 15.5;
				MTL_ENABLE_DEBUG_INFO = INCLUDE_SOURCE;
				MTL_FAST_MATH = YES;
				ONLY_ACTIVE_ARCH = YES;
				SDKROOT = iphoneos;
				SWIFT_ACTIVE_COMPILATION_CONDITIONS = DEBUG;
				SWIFT_OPTIMIZATION_LEVEL = "-Onone";
			};
			name = Debug;
		};
		05F24CFB28C9FC36004ADF1D /* Release */ = {
			isa = XCBuildConfiguration;
			buildSettings = {
				ALWAYS_SEARCH_USER_PATHS = NO;
				CLANG_ANALYZER_NONNULL = YES;
				CLANG_ANALYZER_NUMBER_OBJECT_CONVERSION = YES_AGGRESSIVE;
				CLANG_CXX_LANGUAGE_STANDARD = "gnu++17";
				CLANG_ENABLE_MODULES = YES;
				CLANG_ENABLE_OBJC_ARC = YES;
				CLANG_ENABLE_OBJC_WEAK = YES;
				CLANG_WARN_BLOCK_CAPTURE_AUTORELEASING = YES;
				CLANG_WARN_BOOL_CONVERSION = YES;
				CLANG_WARN_COMMA = YES;
				CLANG_WARN_CONSTANT_CONVERSION = YES;
				CLANG_WARN_DEPRECATED_OBJC_IMPLEMENTATIONS = YES;
				CLANG_WARN_DIRECT_OBJC_ISA_USAGE = YES_ERROR;
				CLANG_WARN_DOCUMENTATION_COMMENTS = YES;
				CLANG_WARN_EMPTY_BODY = YES;
				CLANG_WARN_ENUM_CONVERSION = YES;
				CLANG_WARN_INFINITE_RECURSION = YES;
				CLANG_WARN_INT_CONVERSION = YES;
				CLANG_WARN_NON_LITERAL_NULL_CONVERSION = YES;
				CLANG_WARN_OBJC_IMPLICIT_RETAIN_SELF = YES;
				CLANG_WARN_OBJC_LITERAL_CONVERSION = YES;
				CLANG_WARN_OBJC_ROOT_CLASS = YES_ERROR;
				CLANG_WARN_QUOTED_INCLUDE_IN_FRAMEWORK_HEADER = YES;
				CLANG_WARN_RANGE_LOOP_ANALYSIS = YES;
				CLANG_WARN_STRICT_PROTOTYPES = YES;
				CLANG_WARN_SUSPICIOUS_MOVE = YES;
				CLANG_WARN_UNGUARDED_AVAILABILITY = YES_AGGRESSIVE;
				CLANG_WARN_UNREACHABLE_CODE = YES;
				CLANG_WARN__DUPLICATE_METHOD_MATCH = YES;
				COPY_PHASE_STRIP = NO;
				DEBUG_INFORMATION_FORMAT = "dwarf-with-dsym";
				ENABLE_NS_ASSERTIONS = NO;
				ENABLE_STRICT_OBJC_MSGSEND = YES;
				GCC_C_LANGUAGE_STANDARD = gnu11;
				GCC_NO_COMMON_BLOCKS = YES;
				GCC_WARN_64_TO_32_BIT_CONVERSION = YES;
				GCC_WARN_ABOUT_RETURN_TYPE = YES_ERROR;
				GCC_WARN_UNDECLARED_SELECTOR = YES;
				GCC_WARN_UNINITIALIZED_AUTOS = YES_AGGRESSIVE;
				GCC_WARN_UNUSED_FUNCTION = YES;
				GCC_WARN_UNUSED_VARIABLE = YES;
				IPHONEOS_DEPLOYMENT_TARGET = 15.5;
				MTL_ENABLE_DEBUG_INFO = NO;
				MTL_FAST_MATH = YES;
				SDKROOT = iphoneos;
				SWIFT_COMPILATION_MODE = wholemodule;
				SWIFT_OPTIMIZATION_LEVEL = "-O";
				VALIDATE_PRODUCT = YES;
			};
			name = Release;
		};
		05F24CFD28C9FC36004ADF1D /* Debug */ = {
			isa = XCBuildConfiguration;
			buildSettings = {
				ASSETCATALOG_COMPILER_APPICON_NAME = AppIcon;
				ASSETCATALOG_COMPILER_GLOBAL_ACCENT_COLOR_NAME = AccentColor;
				CODE_SIGN_STYLE = Automatic;
				CURRENT_PROJECT_VERSION = 1;
				DEVELOPMENT_ASSET_PATHS = "\"Scrumdinger/Preview Content\"";
				DEVELOPMENT_TEAM = D6AY938CAT;
				ENABLE_PREVIEWS = YES;
				GENERATE_INFOPLIST_FILE = YES;
				INFOPLIST_KEY_UIApplicationSceneManifest_Generation = YES;
				INFOPLIST_KEY_UIApplicationSupportsIndirectInputEvents = YES;
				INFOPLIST_KEY_UILaunchScreen_Generation = YES;
				INFOPLIST_KEY_UISupportedInterfaceOrientations_iPad = "UIInterfaceOrientationPortrait UIInterfaceOrientationPortraitUpsideDown UIInterfaceOrientationLandscapeLeft UIInterfaceOrientationLandscapeRight";
				INFOPLIST_KEY_UISupportedInterfaceOrientations_iPhone = "UIInterfaceOrientationPortrait UIInterfaceOrientationLandscapeLeft UIInterfaceOrientationLandscapeRight";
				LD_RUNPATH_SEARCH_PATHS = (
					"$(inherited)",
					"@executable_path/Frameworks",
				);
				MARKETING_VERSION = 1.0;
				PRODUCT_BUNDLE_IDENTIFIER = com.home.Scrumdinger.Scrumdinger;
				PRODUCT_NAME = "$(TARGET_NAME)";
				SWIFT_EMIT_LOC_STRINGS = YES;
				SWIFT_VERSION = 5.0;
				TARGETED_DEVICE_FAMILY = "1,2";
			};
			name = Debug;
		};
		05F24CFE28C9FC36004ADF1D /* Release */ = {
			isa = XCBuildConfiguration;
			buildSettings = {
				ASSETCATALOG_COMPILER_APPICON_NAME = AppIcon;
				ASSETCATALOG_COMPILER_GLOBAL_ACCENT_COLOR_NAME = AccentColor;
				CODE_SIGN_STYLE = Automatic;
				CURRENT_PROJECT_VERSION = 1;
				DEVELOPMENT_ASSET_PATHS = "\"Scrumdinger/Preview Content\"";
				DEVELOPMENT_TEAM = D6AY938CAT;
				ENABLE_PREVIEWS = YES;
				GENERATE_INFOPLIST_FILE = YES;
				INFOPLIST_KEY_UIApplicationSceneManifest_Generation = YES;
				INFOPLIST_KEY_UIApplicationSupportsIndirectInputEvents = YES;
				INFOPLIST_KEY_UILaunchScreen_Generation = YES;
				INFOPLIST_KEY_UISupportedInterfaceOrientations_iPad = "UIInterfaceOrientationPortrait UIInterfaceOrientationPortraitUpsideDown UIInterfaceOrientationLandscapeLeft UIInterfaceOrientationLandscapeRight";
				INFOPLIST_KEY_UISupportedInterfaceOrientations_iPhone = "UIInterfaceOrientationPortrait UIInterfaceOrientationLandscapeLeft UIInterfaceOrientationLandscapeRight";
				LD_RUNPATH_SEARCH_PATHS = (
					"$(inherited)",
					"@executable_path/Frameworks",
				);
				MARKETING_VERSION = 1.0;
				PRODUCT_BUNDLE_IDENTIFIER = com.home.Scrumdinger.Scrumdinger;
				PRODUCT_NAME = "$(TARGET_NAME)";
				SWIFT_EMIT_LOC_STRINGS = YES;
				SWIFT_VERSION = 5.0;
				TARGETED_DEVICE_FAMILY = "1,2";
			};
			name = Release;
		};
		05F24D0028C9FC36004ADF1D /* Debug */ = {
			isa = XCBuildConfiguration;
			buildSettings = {
				ALWAYS_EMBED_SWIFT_STANDARD_LIBRARIES = YES;
				BUNDLE_LOADER = "$(TEST_HOST)";
				CODE_SIGN_STYLE = Automatic;
				CURRENT_PROJECT_VERSION = 1;
				DEVELOPMENT_TEAM = D6AY938CAT;
				GENERATE_INFOPLIST_FILE = YES;
				IPHONEOS_DEPLOYMENT_TARGET = 15.5;
				MARKETING_VERSION = 1.0;
				PRODUCT_BUNDLE_IDENTIFIER = com.home.Scrumdinger.ScrumdingerTests;
				PRODUCT_NAME = "$(TARGET_NAME)";
				SWIFT_EMIT_LOC_STRINGS = NO;
				SWIFT_VERSION = 5.0;
				TARGETED_DEVICE_FAMILY = "1,2";
				TEST_HOST = "$(BUILT_PRODUCTS_DIR)/Scrumdinger.app/Scrumdinger";
			};
			name = Debug;
		};
		05F24D0128C9FC36004ADF1D /* Release */ = {
			isa = XCBuildConfiguration;
			buildSettings = {
				ALWAYS_EMBED_SWIFT_STANDARD_LIBRARIES = YES;
				BUNDLE_LOADER = "$(TEST_HOST)";
				CODE_SIGN_STYLE = Automatic;
				CURRENT_PROJECT_VERSION = 1;
				DEVELOPMENT_TEAM = D6AY938CAT;
				GENERATE_INFOPLIST_FILE = YES;
				IPHONEOS_DEPLOYMENT_TARGET = 15.5;
				MARKETING_VERSION = 1.0;
				PRODUCT_BUNDLE_IDENTIFIER = com.home.Scrumdinger.ScrumdingerTests;
				PRODUCT_NAME = "$(TARGET_NAME)";
				SWIFT_EMIT_LOC_STRINGS = NO;
				SWIFT_VERSION = 5.0;
				TARGETED_DEVICE_FAMILY = "1,2";
				TEST_HOST = "$(BUILT_PRODUCTS_DIR)/Scrumdinger.app/Scrumdinger";
			};
			name = Release;
		};
		05F24D0328C9FC36004ADF1D /* Debug */ = {
			isa = XCBuildConfiguration;
			buildSettings = {
				ALWAYS_EMBED_SWIFT_STANDARD_LIBRARIES = YES;
				CODE_SIGN_STYLE = Automatic;
				CURRENT_PROJECT_VERSION = 1;
				DEVELOPMENT_TEAM = D6AY938CAT;
				GENERATE_INFOPLIST_FILE = YES;
				MARKETING_VERSION = 1.0;
				PRODUCT_BUNDLE_IDENTIFIER = com.home.Scrumdinger.ScrumdingerUITests;
				PRODUCT_NAME = "$(TARGET_NAME)";
				SWIFT_EMIT_LOC_STRINGS = NO;
				SWIFT_VERSION = 5.0;
				TARGETED_DEVICE_FAMILY = "1,2";
				TEST_TARGET_NAME = Scrumdinger;
			};
			name = Debug;
		};
		05F24D0428C9FC36004ADF1D /* Release */ = {
			isa = XCBuildConfiguration;
			buildSettings = {
				ALWAYS_EMBED_SWIFT_STANDARD_LIBRARIES = YES;
				CODE_SIGN_STYLE = Automatic;
				CURRENT_PROJECT_VERSION = 1;
				DEVELOPMENT_TEAM = D6AY938CAT;
				GENERATE_INFOPLIST_FILE = YES;
				MARKETING_VERSION = 1.0;
				PRODUCT_BUNDLE_IDENTIFIER = com.home.Scrumdinger.ScrumdingerUITests;
				PRODUCT_NAME = "$(TARGET_NAME)";
				SWIFT_EMIT_LOC_STRINGS = NO;
				SWIFT_VERSION = 5.0;
				TARGETED_DEVICE_FAMILY = "1,2";
				TEST_TARGET_NAME = Scrumdinger;
			};
			name = Release;
		};
/* End XCBuildConfiguration section */

/* Begin XCConfigurationList section */
		05F24CD328C9FC32004ADF1D /* Build configuration list for PBXProject "Scrumdinger" */ = {
			isa = XCConfigurationList;
			buildConfigurations = (
				05F24CFA28C9FC36004ADF1D /* Debug */,
				05F24CFB28C9FC36004ADF1D /* Release */,
			);
			defaultConfigurationIsVisible = 0;
			defaultConfigurationName = Release;
		};
		05F24CFC28C9FC36004ADF1D /* Build configuration list for PBXNativeTarget "Scrumdinger" */ = {
			isa = XCConfigurationList;
			buildConfigurations = (
				05F24CFD28C9FC36004ADF1D /* Debug */,
				05F24CFE28C9FC36004ADF1D /* Release */,
			);
			defaultConfigurationIsVisible = 0;
			defaultConfigurationName = Release;
		};
		05F24CFF28C9FC36004ADF1D /* Build configuration list for PBXNativeTarget "ScrumdingerTests" */ = {
			isa = XCConfigurationList;
			buildConfigurations = (
				05F24D0028C9FC36004ADF1D /* Debug */,
				05F24D0128C9FC36004ADF1D /* Release */,
			);
			defaultConfigurationIsVisible = 0;
			defaultConfigurationName = Release;
		};
		05F24D0228C9FC36004ADF1D /* Build configuration list for PBXNativeTarget "ScrumdingerUITests" */ = {
			isa = XCConfigurationList;
			buildConfigurations = (
				05F24D0328C9FC36004ADF1D /* Debug */,
				05F24D0428C9FC36004ADF1D /* Release */,
			);
			defaultConfigurationIsVisible = 0;
			defaultConfigurationName = Release;
		};
/* End XCConfigurationList section */
	};
	rootObject = 05F24CD028C9FC32004ADF1D /* Project object */;
}
